{
  "version": "5",
  "specifiers": {
    "npm:hono@^4.6.0": "4.12.23"
  },
  "npm": {
    "hono@4.12.23": {
      "integrity": "sha512-eIaZ9qDgu7XV0pxOCrg7/WhnQ6Ivm22UcxhXx/A3dcbqbbYgBEkc6e/J/s7j2tS96zoB0S9VBdLwQNCWwUo4LA=="
    }
  },
  "workspace": {
    "packageJson": {
      "dependencies": [
        "npm:hono@^4.6.0"
      ]
    }
  }
}
